
Microsoft Visual Studio Solution File, Format Version 12.00
# Visual Studio Version 16
VisualStudioVersion = 16.0.31624.102
MinimumVisualStudioVersion = 10.0.40219.1
Project("{FAE04EC0-301F-11D3-BF4B-00C04F79EFBC}") = "Opgave 1", "Opgave 1\Opgave 1.csproj", "{7C9B1BBF-3CEC-4221-97ED-2738FF80BA93}"
EndProject
Project("{FAE04EC0-301F-11D3-BF4B-00C04F79EFBC}") = "FootballPlayerTest", "FootballPlayerTest\FootballPlayerTest.csproj", "{0DDE3147-BCDE-41E9-985E-84E59C9830F9}"
EndProject
Global
	GlobalSection(SolutionConfigurationPlatforms) = preSolution
		Debug|Any CPU = Debug|Any CPU
		Release|Any CPU = Release|Any CPU
	EndGlobalSection
	GlobalSection(ProjectConfigurationPlatforms) = postSolution
		{7C9B1BBF-3CEC-4221-97ED-2738FF80BA93}.Debug|Any CPU.ActiveCfg = Debug|Any CPU
		{7C9B1BBF-3CEC-4221-97ED-2738FF80BA93}.Debug|Any CPU.Build.0 = Debug|Any CPU
		{7C9B1BBF-3CEC-4221-97ED-2738FF80BA93}.Release|Any CPU.ActiveCfg = Release|Any CPU
		{7C9B1BBF-3CEC-4221-97ED-2738FF80BA93}.Release|Any CPU.Build.0 = Release|Any CPU
		{0DDE3147-BCDE-41E9-985E-84E59C9830F9}.Debug|Any CPU.ActiveCfg = Debug|Any CPU
		{0DDE3147-BCDE-41E9-985E-84E59C9830F9}.Debug|Any CPU.Build.0 = Debug|Any CPU
		{0DDE3147-BCDE-41E9-985E-84E59C9830F9}.Release|Any CPU.ActiveCfg = Release|Any CPU
		{0DDE3147-BCDE-41E9-985E-84E59C9830F9}.Release|Any CPU.Build.0 = Release|Any CPU
	EndGlobalSection
	GlobalSection(SolutionProperties) = preSolution
		HideSolutionNode = FALSE
	EndGlobalSection
	GlobalSection(ExtensibilityGlobals) = postSolution
		SolutionGuid = {C34C752C-E5BF-4536-A2B0-7B73AD812A7B}
	EndGlobalSection
EndGlobal
